
Microsoft Visual Studio Solution File, Format Version 12.00
# Visual Studio Version 16
VisualStudioVersion = 16.0.30503.244
MinimumVisualStudioVersion = 10.0.40219.1
Project("{FAE04EC0-301F-11D3-BF4B-00C04F79EFBC}") = "ProdukterProjekt.Core", "ProdukterProjekt.Core\ProdukterProjekt.Core.csproj", "{783E9ED0-1323-4C6F-B2E4-846D72E926EB}"
EndProject
Project("{FAE04EC0-301F-11D3-BF4B-00C04F79EFBC}") = "ProdukterProjekt.Core.Entity", "ProdukterProjekt.Core.Entity\ProdukterProjekt.Core.Entity.csproj", "{87EF0C2F-4F1E-4C5B-B820-D5EF55D2AEC3}"
EndProject
Project("{FAE04EC0-301F-11D3-BF4B-00C04F79EFBC}") = "ProdukterProjekt.Infrastructure.Data", "ProdukterProjekt.Infrastructure\ProdukterProjekt.Infrastructure.Data.csproj", "{C80F742D-9AEE-48BD-A143-80A2EED8159A}"
EndProject
Project("{FAE04EC0-301F-11D3-BF4B-00C04F79EFBC}") = "ProdukterProjekt.UI", "ProdukterProjekt.UI\ProdukterProjekt.UI.csproj", "{FA04149B-0934-4BA1-A6B6-2FD2EDB1E1CA}"
EndProject
Global
	GlobalSection(SolutionConfigurationPlatforms) = preSolution
		Debug|Any CPU = Debug|Any CPU
		Release|Any CPU = Release|Any CPU
	EndGlobalSection
	GlobalSection(ProjectConfigurationPlatforms) = postSolution
		{783E9ED0-1323-4C6F-B2E4-846D72E926EB}.Debug|Any CPU.ActiveCfg = Debug|Any CPU
		{783E9ED0-1323-4C6F-B2E4-846D72E926EB}.Debug|Any CPU.Build.0 = Debug|Any CPU
		{783E9ED0-1323-4C6F-B2E4-846D72E926EB}.Release|Any CPU.ActiveCfg = Release|Any CPU
		{783E9ED0-1323-4C6F-B2E4-846D72E926EB}.Release|Any CPU.Build.0 = Release|Any CPU
		{87EF0C2F-4F1E-4C5B-B820-D5EF55D2AEC3}.Debug|Any CPU.ActiveCfg = Debug|Any CPU
		{87EF0C2F-4F1E-4C5B-B820-D5EF55D2AEC3}.Debug|Any CPU.Build.0 = Debug|Any CPU
		{87EF0C2F-4F1E-4C5B-B820-D5EF55D2AEC3}.Release|Any CPU.ActiveCfg = Release|Any CPU
		{87EF0C2F-4F1E-4C5B-B820-D5EF55D2AEC3}.Release|Any CPU.Build.0 = Release|Any CPU
		{C80F742D-9AEE-48BD-A143-80A2EED8159A}.Debug|Any CPU.ActiveCfg = Debug|Any CPU
		{C80F742D-9AEE-48BD-A143-80A2EED8159A}.Debug|Any CPU.Build.0 = Debug|Any CPU
		{C80F742D-9AEE-48BD-A143-80A2EED8159A}.Release|Any CPU.ActiveCfg = Release|Any CPU
		{C80F742D-9AEE-48BD-A143-80A2EED8159A}.Release|Any CPU.Build.0 = Release|Any CPU
		{FA04149B-0934-4BA1-A6B6-2FD2EDB1E1CA}.Debug|Any CPU.ActiveCfg = Debug|Any CPU
		{FA04149B-0934-4BA1-A6B6-2FD2EDB1E1CA}.Debug|Any CPU.Build.0 = Debug|Any CPU
		{FA04149B-0934-4BA1-A6B6-2FD2EDB1E1CA}.Release|Any CPU.ActiveCfg = Release|Any CPU
		{FA04149B-0934-4BA1-A6B6-2FD2EDB1E1CA}.Release|Any CPU.Build.0 = Release|Any CPU
	EndGlobalSection
	GlobalSection(SolutionProperties) = preSolution
		HideSolutionNode = FALSE
	EndGlobalSection
	GlobalSection(ExtensibilityGlobals) = postSolution
		SolutionGuid = {4FDAC33E-FA8B-4EB7-B3EF-3ED721B03315}
	EndGlobalSection
EndGlobal
